
Microsoft Visual Studio Solution File, Format Version 12.00
# Visual Studio Version 16
VisualStudioVersion = 16.0.30517.126
MinimumVisualStudioVersion = 10.0.40219.1
Project("{FAE04EC0-301F-11D3-BF4B-00C04F79EFBC}") = "Tapa", "Tapa.csproj", "{957DB968-0077-4ABD-BB71-328241EC0824}"
EndProject
Global
	GlobalSection(SolutionConfigurationPlatforms) = preSolution
		Debug|Any CPU = Debug|Any CPU
		Release|Any CPU = Release|Any CPU
	EndGlobalSection
	GlobalSection(ProjectConfigurationPlatforms) = postSolution
		{957DB968-0077-4ABD-BB71-328241EC0824}.Debug|Any CPU.ActiveCfg = Debug|Any CPU
		{957DB968-0077-4ABD-BB71-328241EC0824}.Debug|Any CPU.Build.0 = Debug|Any CPU
		{957DB968-0077-4ABD-BB71-328241EC0824}.Release|Any CPU.ActiveCfg = Release|Any CPU
		{957DB968-0077-4ABD-BB71-328241EC0824}.Release|Any CPU.Build.0 = Release|Any CPU
	EndGlobalSection
	GlobalSection(SolutionProperties) = preSolution
		HideSolutionNode = FALSE
	EndGlobalSection
	GlobalSection(ExtensibilityGlobals) = postSolution
		SolutionGuid = {B1C56E8A-D0CE-4D64-8D3B-12CA3C7E1DC8}
	EndGlobalSection
EndGlobal
